
Microsoft Visual Studio Solution File, Format Version 12.00
# Visual Studio Version 17
VisualStudioVersion = 17.14.36310.24 d17.14
MinimumVisualStudioVersion = 10.0.40219.1
Project("{FAE04EC0-301F-11D3-BF4B-00C04F79EFBC}") = "7) Fitness Tracker Weekly Report", "7) Fitness Tracker Weekly Report.csproj", "{0EBA52EB-2B12-4D8F-9934-343EC8365594}"
EndProject
Global
	GlobalSection(SolutionConfigurationPlatforms) = preSolution
		Debug|Any CPU = Debug|Any CPU
		Release|Any CPU = Release|Any CPU
	EndGlobalSection
	GlobalSection(ProjectConfigurationPlatforms) = postSolution
		{0EBA52EB-2B12-4D8F-9934-343EC8365594}.Debug|Any CPU.ActiveCfg = Debug|Any CPU
		{0EBA52EB-2B12-4D8F-9934-343EC8365594}.Debug|Any CPU.Build.0 = Debug|Any CPU
		{0EBA52EB-2B12-4D8F-9934-343EC8365594}.Release|Any CPU.ActiveCfg = Release|Any CPU
		{0EBA52EB-2B12-4D8F-9934-343EC8365594}.Release|Any CPU.Build.0 = Release|Any CPU
	EndGlobalSection
	GlobalSection(SolutionProperties) = preSolution
		HideSolutionNode = FALSE
	EndGlobalSection
	GlobalSection(ExtensibilityGlobals) = postSolution
		SolutionGuid = {360C735E-92EE-43FC-8323-B37CBDA3FF51}
	EndGlobalSection
EndGlobal
